# THIS IS AN AUTOGENERATED FILE. DO NOT EDIT THIS FILE DIRECTLY.
# yarn lockfile v1


axios@^0.21.1:
  version "0.21.1"
  resolved "https://registry.npmjs.org/axios/-/axios-0.21.1.tgz#22563481962f4d6bde9a76d516ef0e5d3c09b2b8"
  integrity sha512-dKQiRHxGD9PPRIUNIWvZhPTPpl1rf/OxTYKsqKUDjBwYylTvV7SjSHJb9ratfyzM6wCdLCOYLzs73qpg5c4iGA==
  dependencies:
    follow-redirects "^1.10.0"

dayjs@^1.10.4:
  version "1.10.4"
  resolved "https://registry.npmjs.org/dayjs/-/dayjs-1.10.4.tgz#8e544a9b8683f61783f570980a8a80eaf54ab1e2"
  integrity sha512-RI/Hh4kqRc1UKLOAf/T5zdMMX5DQIlDxwUe3wSyMMnEbGunnpENCdbUgM+dW7kXidZqCttBrmw7BhN4TMddkCw==

follow-redirects@^1.10.0:
  version "1.13.3"
  resolved "https://registry.npmjs.org/follow-redirects/-/follow-redirects-1.13.3.tgz#e5598ad50174c1bc4e872301e82ac2cd97f90267"
  integrity sha512-DUgl6+HDzB0iEptNQEXLx/KhTmDb8tZUHSeLqpnjpknR70H0nC2t9N73BK6fN4hOvJ84pKlIQVQ4k5FFlBedKA==

genshin-kit@^0.4.1:
  version "0.4.1"
  resolved "https://registry.npmjs.org/genshin-kit/-/genshin-kit-0.4.1.tgz#d113046072faab641cd3d88c16ba06341f645e43"
  integrity sha512-YEy7yNK/S/FevMIymgPJ77qEIE9xjCVRuvU+vV/1jSsD1HoaR251gkDzJ6iaFiUq/z7Jc57ejsrkiQYeqf83UQ==
  dependencies:
    axios "^0.21.1"

has-flag@^4.0.0:
  version "4.0.0"
  resolved "https://registry.npmjs.org/has-flag/-/has-flag-4.0.0.tgz#944771fd9c81c81265c4d6941860da06bb59479b"
  integrity sha512-EykJT/Q1KjTWctppgIAgfSO0tKVuZUjhgMr17kqTumMl6Afv3EISleU7qZUzoXDFTAHTDC4NOoG/ZxU3EvlMPQ==

koishi-utils@^4.1.1:
  version "4.1.1"
  resolved "https://registry.npmjs.org/koishi-utils/-/koishi-utils-4.1.1.tgz#88ffbab60885c6ba5f5ece37dc821fe5d202b60c"
  integrity sha512-Z5eKlnCg4YX8CEmx2vhoUzNR1Emy1KPbb0a2sqy6A4iiKMXqy7BZcfWVrmW64vSIxDVATaEfIzRV45nZKEqYGA==
  dependencies:
    supports-color "^8.1.1"

supports-color@^8.1.1:
  version "8.1.1"
  resolved "https://registry.npmjs.org/supports-color/-/supports-color-8.1.1.tgz#cd6fc17e28500cff56c1b86c0a7fd4a54a73005c"
  integrity sha512-MpUEN2OodtUzxvKQl72cUF7RQ5EiHsGvSsVG0ia9c5RbWGL2CI4C7EpPS8UTBIplnlzZiNuV56w+FuNxy3ty2Q==
  dependencies:
    has-flag "^4.0.0"
