# THIS IS AN AUTOGENERATED FILE. DO NOT EDIT THIS FILE DIRECTLY.
# yarn lockfile v1


axios@^0.21.1:
  version "0.21.1"
  resolved "https://registry.npmjs.org/axios/-/axios-0.21.1.tgz#22563481962f4d6bde9a76d516ef0e5d3c09b2b8"
  integrity sha512-dKQiRHxGD9PPRIUNIWvZhPTPpl1rf/OxTYKsqKUDjBwYylTvV7SjSHJb9ratfyzM6wCdLCOYLzs73qpg5c4iGA==
  dependencies:
    follow-redirects "^1.10.0"

dayjs@^1.10.4:
  version "1.10.4"
  resolved "https://registry.npmjs.org/dayjs/-/dayjs-1.10.4.tgz#8e544a9b8683f61783f570980a8a80eaf54ab1e2"
  integrity sha512-RI/Hh4kqRc1UKLOAf/T5zdMMX5DQIlDxwUe3wSyMMnEbGunnpENCdbUgM+dW7kXidZqCttBrmw7BhN4TMddkCw==

follow-redirects@^1.10.0:
  version "1.13.3"
  resolved "https://registry.npmjs.org/follow-redirects/-/follow-redirects-1.13.3.tgz#e5598ad50174c1bc4e872301e82ac2cd97f90267"
  integrity sha512-DUgl6+HDzB0iEptNQEXLx/KhTmDb8tZUHSeLqpnjpknR70H0nC2t9N73BK6fN4hOvJ84pKlIQVQ4k5FFlBedKA==

genshin-kit@^0.3.0:
  version "0.3.0"
  resolved "https://registry.npmjs.org/genshin-kit/-/genshin-kit-0.3.0.tgz#8a138a75fddbcff57f44ae0a89a9901cb8eb289a"
  integrity sha512-+Qvn6iHWeI0qXmbsJF3Mh18NmrYWBxySPxi1hc5r1X3rd/oZY2eaA+i3v6aU8qPva1/zvW6the8WUSmRzApdeQ==
  dependencies:
    axios "^0.21.1"

has-flag@^4.0.0:
  version "4.0.0"
  resolved "https://registry.npmjs.org/has-flag/-/has-flag-4.0.0.tgz#944771fd9c81c81265c4d6941860da06bb59479b"
  integrity sha512-EykJT/Q1KjTWctppgIAgfSO0tKVuZUjhgMr17kqTumMl6Afv3EISleU7qZUzoXDFTAHTDC4NOoG/ZxU3EvlMPQ==

koishi-utils@^4.0.1:
  version "4.0.1"
  resolved "https://registry.npmjs.org/koishi-utils/-/koishi-utils-4.0.1.tgz#0683c5ed345b571481e441862153e871addc0eb5"
  integrity sha512-vuwdO9XBExwGqHnHOXz0MxNI0zhAX3COogX8em5e0HKj0AcFpsU49iyqWKpyZuFRt3NGNb54iBDnD93Kleq8AQ==
  dependencies:
    supports-color "^8.1.1"

supports-color@^8.1.1:
  version "8.1.1"
  resolved "https://registry.npmjs.org/supports-color/-/supports-color-8.1.1.tgz#cd6fc17e28500cff56c1b86c0a7fd4a54a73005c"
  integrity sha512-MpUEN2OodtUzxvKQl72cUF7RQ5EiHsGvSsVG0ia9c5RbWGL2CI4C7EpPS8UTBIplnlzZiNuV56w+FuNxy3ty2Q==
  dependencies:
    has-flag "^4.0.0"
